// !$*UTF8*$!
{
	archiveVersion = 1;
	classes = {
	};
	objectVersion = 56;
	objects = {

/* Begin PBXBuildFile section */
		851443AA2CB9F7920066F955 /* Core.h in Headers */ = {isa = PBXBuildFile; fileRef = 851443A92CB9F7920066F955 /* Core.h */; settings = {ATTRIBUTES = (Public, ); }; };
		851443B22CB9F8590066F955 /* NetworkManager.swift in Sources */ = {isa = PBXBuildFile; fileRef = 851443B12CB9F8590066F955 /* NetworkManager.swift */; };
		851443C02CBAE3160066F955 /* HTTPMethod.swift in Sources */ = {isa = PBXBuildFile; fileRef = 851443BF2CBAE3160066F955 /* HTTPMethod.swift */; };
		851443C22CC185100066F955 /* HTTPRequesting.swift in Sources */ = {isa = PBXBuildFile; fileRef = 851443C12CC185100066F955 /* HTTPRequesting.swift */; };
		D519F61B2CC5AB5800A80555 /* Encodable+extension.swift in Sources */ = {isa = PBXBuildFile; fileRef = D519F61A2CC5AB4700A80555 /* Encodable+extension.swift */; };
		D519F61D2CC5AB7100A80555 /* URLRequest+extension.swift in Sources */ = {isa = PBXBuildFile; fileRef = D519F61C2CC5AB7100A80555 /* URLRequest+extension.swift */; };
		D519F61F2CC5AC0F00A80555 /* NetworkManaging.swift in Sources */ = {isa = PBXBuildFile; fileRef = D519F61E2CC5AC0F00A80555 /* NetworkManaging.swift */; };
		D519F6212CC5ADA400A80555 /* DataTasking.swift in Sources */ = {isa = PBXBuildFile; fileRef = D519F6202CC5ADA400A80555 /* DataTasking.swift */; };
		D519F6252CC67F6600A80555 /* ErrorRequest.swift in Sources */ = {isa = PBXBuildFile; fileRef = D519F6242CC67F6600A80555 /* ErrorRequest.swift */; };
		D59371682CCB199900D68B31 /* UITableView+Extension.swift in Sources */ = {isa = PBXBuildFile; fileRef = D59371672CCB199900D68B31 /* UITableView+Extension.swift */; };
		D593716A2CCB19DF00D68B31 /* UICollectionView+extension.swift in Sources */ = {isa = PBXBuildFile; fileRef = D59371692CCB19DF00D68B31 /* UICollectionView+extension.swift */; };
		D593716C2CCB1A3800D68B31 /* ReusableView.swift in Sources */ = {isa = PBXBuildFile; fileRef = D593716B2CCB1A3800D68B31 /* ReusableView.swift */; };
		D59371702CD0379D00D68B31 /* BuildInformation.swift in Sources */ = {isa = PBXBuildFile; fileRef = D593716F2CD0379D00D68B31 /* BuildInformation.swift */; };
		D59371C02CD076F800D68B31 /* DataStateGeneric.swift in Sources */ = {isa = PBXBuildFile; fileRef = D59371BF2CD076F800D68B31 /* DataStateGeneric.swift */; };
/* End PBXBuildFile section */

/* Begin PBXFileReference section */
		851443A62CB9F7920066F955 /* Core.framework */ = {isa = PBXFileReference; explicitFileType = wrapper.framework; includeInIndex = 0; path = Core.framework; sourceTree = BUILT_PRODUCTS_DIR; };
		851443A92CB9F7920066F955 /* Core.h */ = {isa = PBXFileReference; lastKnownFileType = sourcecode.c.h; path = Core.h; sourceTree = "<group>"; };
		851443B12CB9F8590066F955 /* NetworkManager.swift */ = {isa = PBXFileReference; lastKnownFileType = sourcecode.swift; path = NetworkManager.swift; sourceTree = "<group>"; };
		851443BF2CBAE3160066F955 /* HTTPMethod.swift */ = {isa = PBXFileReference; lastKnownFileType = sourcecode.swift; path = HTTPMethod.swift; sourceTree = "<group>"; };
		851443C12CC185100066F955 /* HTTPRequesting.swift */ = {isa = PBXFileReference; lastKnownFileType = sourcecode.swift; path = HTTPRequesting.swift; sourceTree = "<group>"; };
		D519F61A2CC5AB4700A80555 /* Encodable+extension.swift */ = {isa = PBXFileReference; lastKnownFileType = sourcecode.swift; path = "Encodable+extension.swift"; sourceTree = "<group>"; };
		D519F61C2CC5AB7100A80555 /* URLRequest+extension.swift */ = {isa = PBXFileReference; lastKnownFileType = sourcecode.swift; path = "URLRequest+extension.swift"; sourceTree = "<group>"; };
		D519F61E2CC5AC0F00A80555 /* NetworkManaging.swift */ = {isa = PBXFileReference; lastKnownFileType = sourcecode.swift; path = NetworkManaging.swift; sourceTree = "<group>"; };
		D519F6202CC5ADA400A80555 /* DataTasking.swift */ = {isa = PBXFileReference; lastKnownFileType = sourcecode.swift; path = DataTasking.swift; sourceTree = "<group>"; };
		D519F6242CC67F6600A80555 /* ErrorRequest.swift */ = {isa = PBXFileReference; lastKnownFileType = sourcecode.swift; path = ErrorRequest.swift; sourceTree = "<group>"; };
		D59371672CCB199900D68B31 /* UITableView+Extension.swift */ = {isa = PBXFileReference; lastKnownFileType = sourcecode.swift; path = "UITableView+Extension.swift"; sourceTree = "<group>"; };
		D59371692CCB19DF00D68B31 /* UICollectionView+extension.swift */ = {isa = PBXFileReference; lastKnownFileType = sourcecode.swift; path = "UICollectionView+extension.swift"; sourceTree = "<group>"; };
		D593716B2CCB1A3800D68B31 /* ReusableView.swift */ = {isa = PBXFileReference; lastKnownFileType = sourcecode.swift; path = ReusableView.swift; sourceTree = "<group>"; };
		D593716F2CD0379D00D68B31 /* BuildInformation.swift */ = {isa = PBXFileReference; lastKnownFileType = sourcecode.swift; path = BuildInformation.swift; sourceTree = "<group>"; };
		D59371BF2CD076F800D68B31 /* DataStateGeneric.swift */ = {isa = PBXFileReference; lastKnownFileType = sourcecode.swift; path = DataStateGeneric.swift; sourceTree = "<group>"; };
/* End PBXFileReference section */

/* Begin PBXFrameworksBuildPhase section */
		851443A32CB9F7920066F955 /* Frameworks */ = {
			isa = PBXFrameworksBuildPhase;
			buildActionMask = 2147483647;
			files = (
			);
			runOnlyForDeploymentPostprocessing = 0;
		};
/* End PBXFrameworksBuildPhase section */

/* Begin PBXGroup section */
		8514439C2CB9F7920066F955 = {
			isa = PBXGroup;
			children = (
				851443A82CB9F7920066F955 /* Core */,
				851443A72CB9F7920066F955 /* Products */,
			);
			sourceTree = "<group>";
		};
		851443A72CB9F7920066F955 /* Products */ = {
			isa = PBXGroup;
			children = (
				851443A62CB9F7920066F955 /* Core.framework */,
			);
			name = Products;
			sourceTree = "<group>";
		};
		851443A82CB9F7920066F955 /* Core */ = {
			isa = PBXGroup;
			children = (
				D59371BE2CD076F500D68B31 /* Models */,
				D519F6192CC5AB3E00A80555 /* Extensions */,
				851443B02CB9F7BF0066F955 /* Network */,
				851443A92CB9F7920066F955 /* Core.h */,
			);
			path = Core;
			sourceTree = "<group>";
		};
		851443B02CB9F7BF0066F955 /* Network */ = {
			isa = PBXGroup;
			children = (
				D519F6242CC67F6600A80555 /* ErrorRequest.swift */,
				D519F6202CC5ADA400A80555 /* DataTasking.swift */,
				D519F61E2CC5AC0F00A80555 /* NetworkManaging.swift */,
				851443B12CB9F8590066F955 /* NetworkManager.swift */,
				851443BF2CBAE3160066F955 /* HTTPMethod.swift */,
				851443C12CC185100066F955 /* HTTPRequesting.swift */,
			);
			path = Network;
			sourceTree = "<group>";
		};
		D519F6192CC5AB3E00A80555 /* Extensions */ = {
			isa = PBXGroup;
			children = (
				D593716B2CCB1A3800D68B31 /* ReusableView.swift */,
				D59371692CCB19DF00D68B31 /* UICollectionView+extension.swift */,
				D59371672CCB199900D68B31 /* UITableView+Extension.swift */,
				D519F61C2CC5AB7100A80555 /* URLRequest+extension.swift */,
				D519F61A2CC5AB4700A80555 /* Encodable+extension.swift */,
			);
			path = Extensions;
			sourceTree = "<group>";
		};
		D59371BE2CD076F500D68B31 /* Models */ = {
			isa = PBXGroup;
			children = (
				D593716F2CD0379D00D68B31 /* BuildInformation.swift */,
				D59371BF2CD076F800D68B31 /* DataStateGeneric.swift */,
			);
			path = Models;
			sourceTree = "<group>";
		};
/* End PBXGroup section */

/* Begin PBXHeadersBuildPhase section */
		851443A12CB9F7920066F955 /* Headers */ = {
			isa = PBXHeadersBuildPhase;
			buildActionMask = 2147483647;
			files = (
				851443AA2CB9F7920066F955 /* Core.h in Headers */,
			);
			runOnlyForDeploymentPostprocessing = 0;
		};
/* End PBXHeadersBuildPhase section */

/* Begin PBXNativeTarget section */
		851443A52CB9F7920066F955 /* Core */ = {
			isa = PBXNativeTarget;
			buildConfigurationList = 851443AD2CB9F7920066F955 /* Build configuration list for PBXNativeTarget "Core" */;
			buildPhases = (
				851443A12CB9F7920066F955 /* Headers */,
				851443A22CB9F7920066F955 /* Sources */,
				851443A32CB9F7920066F955 /* Frameworks */,
				851443A42CB9F7920066F955 /* Resources */,
			);
			buildRules = (
			);
			dependencies = (
			);
			name = Core;
			productName = Core;
			productReference = 851443A62CB9F7920066F955 /* Core.framework */;
			productType = "com.apple.product-type.framework";
		};
/* End PBXNativeTarget section */

/* Begin PBXProject section */
		8514439D2CB9F7920066F955 /* Project object */ = {
			isa = PBXProject;
			attributes = {
				BuildIndependentTargetsInParallel = 1;
				LastUpgradeCheck = 1600;
				TargetAttributes = {
					851443A52CB9F7920066F955 = {
						CreatedOnToolsVersion = 15.0.1;
						LastSwiftMigration = 1500;
					};
				};
			};
			buildConfigurationList = 851443A02CB9F7920066F955 /* Build configuration list for PBXProject "Core" */;
			compatibilityVersion = "Xcode 14.0";
			developmentRegion = en;
			hasScannedForEncodings = 0;
			knownRegions = (
				en,
				Base,
			);
			mainGroup = 8514439C2CB9F7920066F955;
			productRefGroup = 851443A72CB9F7920066F955 /* Products */;
			projectDirPath = "";
			projectRoot = "";
			targets = (
				851443A52CB9F7920066F955 /* Core */,
			);
		};
/* End PBXProject section */

/* Begin PBXResourcesBuildPhase section */
		851443A42CB9F7920066F955 /* Resources */ = {
			isa = PBXResourcesBuildPhase;
			buildActionMask = 2147483647;
			files = (
			);
			runOnlyForDeploymentPostprocessing = 0;
		};
/* End PBXResourcesBuildPhase section */

/* Begin PBXSourcesBuildPhase section */
		851443A22CB9F7920066F955 /* Sources */ = {
			isa = PBXSourcesBuildPhase;
			buildActionMask = 2147483647;
			files = (
				D519F6252CC67F6600A80555 /* ErrorRequest.swift in Sources */,
				D519F61D2CC5AB7100A80555 /* URLRequest+extension.swift in Sources */,
				D519F6212CC5ADA400A80555 /* DataTasking.swift in Sources */,
				851443C22CC185100066F955 /* HTTPRequesting.swift in Sources */,
				D593716C2CCB1A3800D68B31 /* ReusableView.swift in Sources */,
				D519F61B2CC5AB5800A80555 /* Encodable+extension.swift in Sources */,
				D593716A2CCB19DF00D68B31 /* UICollectionView+extension.swift in Sources */,
				851443B22CB9F8590066F955 /* NetworkManager.swift in Sources */,
				D519F61F2CC5AC0F00A80555 /* NetworkManaging.swift in Sources */,
				D59371682CCB199900D68B31 /* UITableView+Extension.swift in Sources */,
				D59371C02CD076F800D68B31 /* DataStateGeneric.swift in Sources */,
				851443C02CBAE3160066F955 /* HTTPMethod.swift in Sources */,
				D59371702CD0379D00D68B31 /* BuildInformation.swift in Sources */,
			);
			runOnlyForDeploymentPostprocessing = 0;
		};
/* End PBXSourcesBuildPhase section */

/* Begin XCBuildConfiguration section */
		851443AB2CB9F7920066F955 /* Debug */ = {
			isa = XCBuildConfiguration;
			buildSettings = {
				ALWAYS_SEARCH_USER_PATHS = NO;
				ASSETCATALOG_COMPILER_GENERATE_SWIFT_ASSET_SYMBOL_EXTENSIONS = YES;
				CLANG_ANALYZER_NONNULL = YES;
				CLANG_ANALYZER_NUMBER_OBJECT_CONVERSION = YES_AGGRESSIVE;
				CLANG_CXX_LANGUAGE_STANDARD = "gnu++20";
				CLANG_ENABLE_MODULES = YES;
				CLANG_ENABLE_OBJC_ARC = YES;
				CLANG_ENABLE_OBJC_WEAK = YES;
				CLANG_WARN_BLOCK_CAPTURE_AUTORELEASING = YES;
				CLANG_WARN_BOOL_CONVERSION = YES;
				CLANG_WARN_COMMA = YES;
				CLANG_WARN_CONSTANT_CONVERSION = YES;
				CLANG_WARN_DEPRECATED_OBJC_IMPLEMENTATIONS = YES;
				CLANG_WARN_DIRECT_OBJC_ISA_USAGE = YES_ERROR;
				CLANG_WARN_DOCUMENTATION_COMMENTS = YES;
				CLANG_WARN_EMPTY_BODY = YES;
				CLANG_WARN_ENUM_CONVERSION = YES;
				CLANG_WARN_INFINITE_RECURSION = YES;
				CLANG_WARN_INT_CONVERSION = YES;
				CLANG_WARN_NON_LITERAL_NULL_CONVERSION = YES;
				CLANG_WARN_OBJC_IMPLICIT_RETAIN_SELF = YES;
				CLANG_WARN_OBJC_LITERAL_CONVERSION = YES;
				CLANG_WARN_OBJC_ROOT_CLASS = YES_ERROR;
				CLANG_WARN_QUOTED_INCLUDE_IN_FRAMEWORK_HEADER = YES;
				CLANG_WARN_RANGE_LOOP_ANALYSIS = YES;
				CLANG_WARN_STRICT_PROTOTYPES = YES;
				CLANG_WARN_SUSPICIOUS_MOVE = YES;
				CLANG_WARN_UNGUARDED_AVAILABILITY = YES_AGGRESSIVE;
				CLANG_WARN_UNREACHABLE_CODE = YES;
				CLANG_WARN__DUPLICATE_METHOD_MATCH = YES;
				COPY_PHASE_STRIP = NO;
				CURRENT_PROJECT_VERSION = 1;
				DEBUG_INFORMATION_FORMAT = dwarf;
				ENABLE_STRICT_OBJC_MSGSEND = YES;
				ENABLE_TESTABILITY = YES;
				ENABLE_USER_SCRIPT_SANDBOXING = YES;
				GCC_C_LANGUAGE_STANDARD = gnu17;
				GCC_DYNAMIC_NO_PIC = NO;
				GCC_NO_COMMON_BLOCKS = YES;
				GCC_OPTIMIZATION_LEVEL = 0;
				GCC_PREPROCESSOR_DEFINITIONS = (
					"DEBUG=1",
					"$(inherited)",
				);
				GCC_WARN_64_TO_32_BIT_CONVERSION = YES;
				GCC_WARN_ABOUT_RETURN_TYPE = YES_ERROR;
				GCC_WARN_UNDECLARED_SELECTOR = YES;
				GCC_WARN_UNINITIALIZED_AUTOS = YES_AGGRESSIVE;
				GCC_WARN_UNUSED_FUNCTION = YES;
				GCC_WARN_UNUSED_VARIABLE = YES;
				IPHONEOS_DEPLOYMENT_TARGET = 17.0;
				LOCALIZATION_PREFERS_STRING_CATALOGS = YES;
				MTL_ENABLE_DEBUG_INFO = INCLUDE_SOURCE;
				MTL_FAST_MATH = YES;
				ONLY_ACTIVE_ARCH = YES;
				SDKROOT = iphoneos;
				SWIFT_ACTIVE_COMPILATION_CONDITIONS = "DEBUG $(inherited)";
				SWIFT_OPTIMIZATION_LEVEL = "-Onone";
				VERSIONING_SYSTEM = "apple-generic";
				VERSION_INFO_PREFIX = "";
			};
			name = Debug;
		};
		851443AC2CB9F7920066F955 /* Release */ = {
			isa = XCBuildConfiguration;
			buildSettings = {
				ALWAYS_SEARCH_USER_PATHS = NO;
				ASSETCATALOG_COMPILER_GENERATE_SWIFT_ASSET_SYMBOL_EXTENSIONS = YES;
				CLANG_ANALYZER_NONNULL = YES;
				CLANG_ANALYZER_NUMBER_OBJECT_CONVERSION = YES_AGGRESSIVE;
				CLANG_CXX_LANGUAGE_STANDARD = "gnu++20";
				CLANG_ENABLE_MODULES = YES;
				CLANG_ENABLE_OBJC_ARC = YES;
				CLANG_ENABLE_OBJC_WEAK = YES;
				CLANG_WARN_BLOCK_CAPTURE_AUTORELEASING = YES;
				CLANG_WARN_BOOL_CONVERSION = YES;
				CLANG_WARN_COMMA = YES;
				CLANG_WARN_CONSTANT_CONVERSION = YES;
				CLANG_WARN_DEPRECATED_OBJC_IMPLEMENTATIONS = YES;
				CLANG_WARN_DIRECT_OBJC_ISA_USAGE = YES_ERROR;
				CLANG_WARN_DOCUMENTATION_COMMENTS = YES;
				CLANG_WARN_EMPTY_BODY = YES;
				CLANG_WARN_ENUM_CONVERSION = YES;
				CLANG_WARN_INFINITE_RECURSION = YES;
				CLANG_WARN_INT_CONVERSION = YES;
				CLANG_WARN_NON_LITERAL_NULL_CONVERSION = YES;
				CLANG_WARN_OBJC_IMPLICIT_RETAIN_SELF = YES;
				CLANG_WARN_OBJC_LITERAL_CONVERSION = YES;
				CLANG_WARN_OBJC_ROOT_CLASS = YES_ERROR;
				CLANG_WARN_QUOTED_INCLUDE_IN_FRAMEWORK_HEADER = YES;
				CLANG_WARN_RANGE_LOOP_ANALYSIS = YES;
				CLANG_WARN_STRICT_PROTOTYPES = YES;
				CLANG_WARN_SUSPICIOUS_MOVE = YES;
				CLANG_WARN_UNGUARDED_AVAILABILITY = YES_AGGRESSIVE;
				CLANG_WARN_UNREACHABLE_CODE = YES;
				CLANG_WARN__DUPLICATE_METHOD_MATCH = YES;
				COPY_PHASE_STRIP = NO;
				CURRENT_PROJECT_VERSION = 1;
				DEBUG_INFORMATION_FORMAT = "dwarf-with-dsym";
				ENABLE_NS_ASSERTIONS = NO;
				ENABLE_STRICT_OBJC_MSGSEND = YES;
				ENABLE_USER_SCRIPT_SANDBOXING = YES;
				GCC_C_LANGUAGE_STANDARD = gnu17;
				GCC_NO_COMMON_BLOCKS = YES;
				GCC_WARN_64_TO_32_BIT_CONVERSION = YES;
				GCC_WARN_ABOUT_RETURN_TYPE = YES_ERROR;
				GCC_WARN_UNDECLARED_SELECTOR = YES;
				GCC_WARN_UNINITIALIZED_AUTOS = YES_AGGRESSIVE;
				GCC_WARN_UNUSED_FUNCTION = YES;
				GCC_WARN_UNUSED_VARIABLE = YES;
				IPHONEOS_DEPLOYMENT_TARGET = 17.0;
				LOCALIZATION_PREFERS_STRING_CATALOGS = YES;
				MTL_ENABLE_DEBUG_INFO = NO;
				MTL_FAST_MATH = YES;
				SDKROOT = iphoneos;
				SWIFT_COMPILATION_MODE = wholemodule;
				VALIDATE_PRODUCT = YES;
				VERSIONING_SYSTEM = "apple-generic";
				VERSION_INFO_PREFIX = "";
			};
			name = Release;
		};
		851443AE2CB9F7920066F955 /* Debug */ = {
			isa = XCBuildConfiguration;
			buildSettings = {
				CLANG_ENABLE_MODULES = YES;
				CODE_SIGN_IDENTITY = "";
				CODE_SIGN_STYLE = Automatic;
				CURRENT_PROJECT_VERSION = 1;
				DEFINES_MODULE = YES;
				DEVELOPMENT_TEAM = 5N4X6WG2SQ;
				DYLIB_COMPATIBILITY_VERSION = 1;
				DYLIB_CURRENT_VERSION = 1;
				DYLIB_INSTALL_NAME_BASE = "@rpath";
				ENABLE_MODULE_VERIFIER = YES;
				GENERATE_INFOPLIST_FILE = YES;
				INFOPLIST_KEY_NSHumanReadableCopyright = "";
				INSTALL_PATH = "$(LOCAL_LIBRARY_DIR)/Frameworks";
				LD_RUNPATH_SEARCH_PATHS = (
					"$(inherited)",
					"@executable_path/Frameworks",
					"@loader_path/Frameworks",
				);
				MARKETING_VERSION = 1.0;
				MODULE_VERIFIER_SUPPORTED_LANGUAGES = "objective-c objective-c++";
				MODULE_VERIFIER_SUPPORTED_LANGUAGE_STANDARDS = "gnu17 gnu++20";
				PRODUCT_BUNDLE_IDENTIFIER = sobera.Core;
				PRODUCT_NAME = "$(TARGET_NAME:c99extidentifier)";
				SKIP_INSTALL = YES;
				SWIFT_EMIT_LOC_STRINGS = YES;
				SWIFT_OPTIMIZATION_LEVEL = "-Onone";
				SWIFT_VERSION = 6.0;
				TARGETED_DEVICE_FAMILY = "1,2";
			};
			name = Debug;
		};
		851443AF2CB9F7920066F955 /* Release */ = {
			isa = XCBuildConfiguration;
			buildSettings = {
				CLANG_ENABLE_MODULES = YES;
				CODE_SIGN_IDENTITY = "";
				CODE_SIGN_STYLE = Automatic;
				CURRENT_PROJECT_VERSION = 1;
				DEFINES_MODULE = YES;
				DEVELOPMENT_TEAM = 5N4X6WG2SQ;
				DYLIB_COMPATIBILITY_VERSION = 1;
				DYLIB_CURRENT_VERSION = 1;
				DYLIB_INSTALL_NAME_BASE = "@rpath";
				ENABLE_MODULE_VERIFIER = YES;
				GENERATE_INFOPLIST_FILE = YES;
				INFOPLIST_KEY_NSHumanReadableCopyright = "";
				INSTALL_PATH = "$(LOCAL_LIBRARY_DIR)/Frameworks";
				LD_RUNPATH_SEARCH_PATHS = (
					"$(inherited)",
					"@executable_path/Frameworks",
					"@loader_path/Frameworks",
				);
				MARKETING_VERSION = 1.0;
				MODULE_VERIFIER_SUPPORTED_LANGUAGES = "objective-c objective-c++";
				MODULE_VERIFIER_SUPPORTED_LANGUAGE_STANDARDS = "gnu17 gnu++20";
				PRODUCT_BUNDLE_IDENTIFIER = sobera.Core;
				PRODUCT_NAME = "$(TARGET_NAME:c99extidentifier)";
				SKIP_INSTALL = YES;
				SWIFT_EMIT_LOC_STRINGS = YES;
				SWIFT_VERSION = 6.0;
				TARGETED_DEVICE_FAMILY = "1,2";
			};
			name = Release;
		};
/* End XCBuildConfiguration section */

/* Begin XCConfigurationList section */
		851443A02CB9F7920066F955 /* Build configuration list for PBXProject "Core" */ = {
			isa = XCConfigurationList;
			buildConfigurations = (
				851443AB2CB9F7920066F955 /* Debug */,
				851443AC2CB9F7920066F955 /* Release */,
			);
			defaultConfigurationIsVisible = 0;
			defaultConfigurationName = Release;
		};
		851443AD2CB9F7920066F955 /* Build configuration list for PBXNativeTarget "Core" */ = {
			isa = XCConfigurationList;
			buildConfigurations = (
				851443AE2CB9F7920066F955 /* Debug */,
				851443AF2CB9F7920066F955 /* Release */,
			);
			defaultConfigurationIsVisible = 0;
			defaultConfigurationName = Release;
		};
/* End XCConfigurationList section */
	};
	rootObject = 8514439D2CB9F7920066F955 /* Project object */;
}
